
Microsoft Visual Studio Solution File, Format Version 12.00
# Visual Studio Version 17
VisualStudioVersion = 17.9.34701.34
MinimumVisualStudioVersion = 10.0.40219.1
Project("{FAE04EC0-301F-11D3-BF4B-00C04F79EFBC}") = "Convertir todos los elementos de la matriz en cadena", "Convertir todos los elementos de la matriz en cadena\Convertir todos los elementos de la matriz en cadena.csproj", "{257C999C-73E5-40FE-B066-66372D29CD0E}"
EndProject
Global
	GlobalSection(SolutionConfigurationPlatforms) = preSolution
		Debug|Any CPU = Debug|Any CPU
		Release|Any CPU = Release|Any CPU
	EndGlobalSection
	GlobalSection(ProjectConfigurationPlatforms) = postSolution
		{257C999C-73E5-40FE-B066-66372D29CD0E}.Debug|Any CPU.ActiveCfg = Debug|Any CPU
		{257C999C-73E5-40FE-B066-66372D29CD0E}.Debug|Any CPU.Build.0 = Debug|Any CPU
		{257C999C-73E5-40FE-B066-66372D29CD0E}.Release|Any CPU.ActiveCfg = Release|Any CPU
		{257C999C-73E5-40FE-B066-66372D29CD0E}.Release|Any CPU.Build.0 = Release|Any CPU
	EndGlobalSection
	GlobalSection(SolutionProperties) = preSolution
		HideSolutionNode = FALSE
	EndGlobalSection
	GlobalSection(ExtensibilityGlobals) = postSolution
		SolutionGuid = {4AF801D0-A053-4447-9BF8-A8F1D7A34536}
	EndGlobalSection
EndGlobal
