
Microsoft Visual Studio Solution File, Format Version 12.00
# Visual Studio Version 17
VisualStudioVersion = 17.9.34701.34
MinimumVisualStudioVersion = 10.0.40219.1
Project("{FAE04EC0-301F-11D3-BF4B-00C04F79EFBC}") = "Trols_sin_vocales", "Trols_sin_vocales\Trols_sin_vocales.csproj", "{023065F7-98F2-4FF0-83AD-6793D1DAE8C8}"
EndProject
Global
	GlobalSection(SolutionConfigurationPlatforms) = preSolution
		Debug|Any CPU = Debug|Any CPU
		Release|Any CPU = Release|Any CPU
	EndGlobalSection
	GlobalSection(ProjectConfigurationPlatforms) = postSolution
		{023065F7-98F2-4FF0-83AD-6793D1DAE8C8}.Debug|Any CPU.ActiveCfg = Debug|Any CPU
		{023065F7-98F2-4FF0-83AD-6793D1DAE8C8}.Debug|Any CPU.Build.0 = Debug|Any CPU
		{023065F7-98F2-4FF0-83AD-6793D1DAE8C8}.Release|Any CPU.ActiveCfg = Release|Any CPU
		{023065F7-98F2-4FF0-83AD-6793D1DAE8C8}.Release|Any CPU.Build.0 = Release|Any CPU
	EndGlobalSection
	GlobalSection(SolutionProperties) = preSolution
		HideSolutionNode = FALSE
	EndGlobalSection
	GlobalSection(ExtensibilityGlobals) = postSolution
		SolutionGuid = {0ED144AC-296D-44AA-B5EC-3016FBCAD0D2}
	EndGlobalSection
EndGlobal
